
Microsoft Visual Studio Solution File, Format Version 12.00
# Visual Studio Version 17
VisualStudioVersion = 17.14.36511.14 d17.14
MinimumVisualStudioVersion = 10.0.40219.1
Project("{FAE04EC0-301F-11D3-BF4B-00C04F79EFBC}") = "lab05-workyard", "lab05-workyard\lab05-workyard.csproj", "{5C88C8AF-BD31-4369-9416-7B80B279ECBD}"
EndProject
Project("{FAE04EC0-301F-11D3-BF4B-00C04F79EFBC}") = "lab05-completed", "lab05-completed\lab05-completed.csproj", "{AC25ADFA-22BB-4598-908E-2FDAC792A8B4}"
EndProject
Global
	GlobalSection(SolutionConfigurationPlatforms) = preSolution
		Debug|Any CPU = Debug|Any CPU
		Release|Any CPU = Release|Any CPU
	EndGlobalSection
	GlobalSection(ProjectConfigurationPlatforms) = postSolution
		{5C88C8AF-BD31-4369-9416-7B80B279ECBD}.Debug|Any CPU.ActiveCfg = Debug|Any CPU
		{5C88C8AF-BD31-4369-9416-7B80B279ECBD}.Debug|Any CPU.Build.0 = Debug|Any CPU
		{5C88C8AF-BD31-4369-9416-7B80B279ECBD}.Release|Any CPU.ActiveCfg = Release|Any CPU
		{5C88C8AF-BD31-4369-9416-7B80B279ECBD}.Release|Any CPU.Build.0 = Release|Any CPU
		{AC25ADFA-22BB-4598-908E-2FDAC792A8B4}.Debug|Any CPU.ActiveCfg = Debug|Any CPU
		{AC25ADFA-22BB-4598-908E-2FDAC792A8B4}.Debug|Any CPU.Build.0 = Debug|Any CPU
		{AC25ADFA-22BB-4598-908E-2FDAC792A8B4}.Release|Any CPU.ActiveCfg = Release|Any CPU
		{AC25ADFA-22BB-4598-908E-2FDAC792A8B4}.Release|Any CPU.Build.0 = Release|Any CPU
	EndGlobalSection
	GlobalSection(SolutionProperties) = preSolution
		HideSolutionNode = FALSE
	EndGlobalSection
	GlobalSection(ExtensibilityGlobals) = postSolution
		SolutionGuid = {85872C32-D82E-4BB9-921F-6F7C190EA27E}
	EndGlobalSection
EndGlobal
