
Microsoft Visual Studio Solution File, Format Version 12.00
# Visual Studio Version 17
VisualStudioVersion = 17.14.36511.14
MinimumVisualStudioVersion = 10.0.40219.1
Project("{FAE04EC0-301F-11D3-BF4B-00C04F79EFBC}") = "lab13-workyard", "lab13-workyard\lab13-workyard.csproj", "{5CEA16DD-D297-4748-A2C9-178240013AEB}"
EndProject
Project("{FAE04EC0-301F-11D3-BF4B-00C04F79EFBC}") = "lab13-completed", "lab13-completed\lab13-completed.csproj", "{9D30EF9F-DCC8-4913-8BC5-0E960FCD0645}"
EndProject
Global
	GlobalSection(SolutionConfigurationPlatforms) = preSolution
		Debug|Any CPU = Debug|Any CPU
		Release|Any CPU = Release|Any CPU
	EndGlobalSection
	GlobalSection(ProjectConfigurationPlatforms) = postSolution
		{5CEA16DD-D297-4748-A2C9-178240013AEB}.Debug|Any CPU.ActiveCfg = Debug|Any CPU
		{5CEA16DD-D297-4748-A2C9-178240013AEB}.Debug|Any CPU.Build.0 = Debug|Any CPU
		{5CEA16DD-D297-4748-A2C9-178240013AEB}.Release|Any CPU.ActiveCfg = Release|Any CPU
		{5CEA16DD-D297-4748-A2C9-178240013AEB}.Release|Any CPU.Build.0 = Release|Any CPU
		{9D30EF9F-DCC8-4913-8BC5-0E960FCD0645}.Debug|Any CPU.ActiveCfg = Debug|Any CPU
		{9D30EF9F-DCC8-4913-8BC5-0E960FCD0645}.Debug|Any CPU.Build.0 = Debug|Any CPU
		{9D30EF9F-DCC8-4913-8BC5-0E960FCD0645}.Release|Any CPU.ActiveCfg = Release|Any CPU
		{9D30EF9F-DCC8-4913-8BC5-0E960FCD0645}.Release|Any CPU.Build.0 = Release|Any CPU
	EndGlobalSection
	GlobalSection(SolutionProperties) = preSolution
		HideSolutionNode = FALSE
	EndGlobalSection
	GlobalSection(ExtensibilityGlobals) = postSolution
		SolutionGuid = {A84D419B-CF55-435E-A3D6-04AF2AE9C056}
	EndGlobalSection
EndGlobal
