
Microsoft Visual Studio Solution File, Format Version 12.00
# Visual Studio Version 17
VisualStudioVersion = 17.14.36511.14 d17.14
MinimumVisualStudioVersion = 10.0.40219.1
Project("{FAE04EC0-301F-11D3-BF4B-00C04F79EFBC}") = "lab03-completed", "lab03-completed\lab03-completed.csproj", "{A772CE42-9513-4591-9FF7-3CB596249C72}"
EndProject
Project("{FAE04EC0-301F-11D3-BF4B-00C04F79EFBC}") = "lab03-wordprocessing", "lab03-wordprocessing\lab03-wordprocessing.csproj", "{088B655D-8E50-DF14-84DA-922C1746FDD0}"
EndProject
Project("{FAE04EC0-301F-11D3-BF4B-00C04F79EFBC}") = "lab03-workyard", "lab03-workyard\lab03-workyard.csproj", "{801DEC37-CB5F-4253-BE2B-2C4D01BDB83A}"
EndProject
Global
	GlobalSection(SolutionConfigurationPlatforms) = preSolution
		Debug|Any CPU = Debug|Any CPU
		Release|Any CPU = Release|Any CPU
	EndGlobalSection
	GlobalSection(ProjectConfigurationPlatforms) = postSolution
		{A772CE42-9513-4591-9FF7-3CB596249C72}.Debug|Any CPU.ActiveCfg = Debug|Any CPU
		{A772CE42-9513-4591-9FF7-3CB596249C72}.Debug|Any CPU.Build.0 = Debug|Any CPU
		{A772CE42-9513-4591-9FF7-3CB596249C72}.Release|Any CPU.ActiveCfg = Release|Any CPU
		{A772CE42-9513-4591-9FF7-3CB596249C72}.Release|Any CPU.Build.0 = Release|Any CPU
		{088B655D-8E50-DF14-84DA-922C1746FDD0}.Debug|Any CPU.ActiveCfg = Debug|Any CPU
		{088B655D-8E50-DF14-84DA-922C1746FDD0}.Debug|Any CPU.Build.0 = Debug|Any CPU
		{088B655D-8E50-DF14-84DA-922C1746FDD0}.Release|Any CPU.ActiveCfg = Release|Any CPU
		{088B655D-8E50-DF14-84DA-922C1746FDD0}.Release|Any CPU.Build.0 = Release|Any CPU
		{801DEC37-CB5F-4253-BE2B-2C4D01BDB83A}.Debug|Any CPU.ActiveCfg = Debug|Any CPU
		{801DEC37-CB5F-4253-BE2B-2C4D01BDB83A}.Debug|Any CPU.Build.0 = Debug|Any CPU
		{801DEC37-CB5F-4253-BE2B-2C4D01BDB83A}.Release|Any CPU.ActiveCfg = Release|Any CPU
		{801DEC37-CB5F-4253-BE2B-2C4D01BDB83A}.Release|Any CPU.Build.0 = Release|Any CPU
	EndGlobalSection
	GlobalSection(SolutionProperties) = preSolution
		HideSolutionNode = FALSE
	EndGlobalSection
	GlobalSection(ExtensibilityGlobals) = postSolution
		SolutionGuid = {1D8E1096-C8E4-44EF-898E-0C7E496F4BC1}
	EndGlobalSection
EndGlobal
